
Microsoft Visual Studio Solution File, Format Version 12.00
# Visual Studio Version 17
VisualStudioVersion = 17.14.36401.2
MinimumVisualStudioVersion = 10.0.40219.1
Project("{FAE04EC0-301F-11D3-BF4B-00C04F79EFBC}") = "School.WebAPI", "School.WebAPI\School.WebAPI.csproj", "{0B14CD2F-D4F2-23E8-6730-6A3FE1147B97}"
EndProject
Project("{FAE04EC0-301F-11D3-BF4B-00C04F79EFBC}") = "School.AppHost", "School.AppHost\School.AppHost.csproj", "{BC0AA2B4-47A4-44C4-8E94-DAEDDF330C69}"
EndProject
Project("{FAE04EC0-301F-11D3-BF4B-00C04F79EFBC}") = "School.ServiceDefaults", "School.ServiceDefaults\School.ServiceDefaults.csproj", "{CA1F22D0-3F38-582D-A866-AEA2F972B91C}"
EndProject
Global
	GlobalSection(SolutionConfigurationPlatforms) = preSolution
		Debug|Any CPU = Debug|Any CPU
		Release|Any CPU = Release|Any CPU
	EndGlobalSection
	GlobalSection(ProjectConfigurationPlatforms) = postSolution
		{0B14CD2F-D4F2-23E8-6730-6A3FE1147B97}.Debug|Any CPU.ActiveCfg = Debug|Any CPU
		{0B14CD2F-D4F2-23E8-6730-6A3FE1147B97}.Debug|Any CPU.Build.0 = Debug|Any CPU
		{0B14CD2F-D4F2-23E8-6730-6A3FE1147B97}.Release|Any CPU.ActiveCfg = Release|Any CPU
		{0B14CD2F-D4F2-23E8-6730-6A3FE1147B97}.Release|Any CPU.Build.0 = Release|Any CPU
		{BC0AA2B4-47A4-44C4-8E94-DAEDDF330C69}.Debug|Any CPU.ActiveCfg = Debug|Any CPU
		{BC0AA2B4-47A4-44C4-8E94-DAEDDF330C69}.Debug|Any CPU.Build.0 = Debug|Any CPU
		{BC0AA2B4-47A4-44C4-8E94-DAEDDF330C69}.Release|Any CPU.ActiveCfg = Release|Any CPU
		{BC0AA2B4-47A4-44C4-8E94-DAEDDF330C69}.Release|Any CPU.Build.0 = Release|Any CPU
		{CA1F22D0-3F38-582D-A866-AEA2F972B91C}.Debug|Any CPU.ActiveCfg = Debug|Any CPU
		{CA1F22D0-3F38-582D-A866-AEA2F972B91C}.Debug|Any CPU.Build.0 = Debug|Any CPU
		{CA1F22D0-3F38-582D-A866-AEA2F972B91C}.Release|Any CPU.ActiveCfg = Release|Any CPU
		{CA1F22D0-3F38-582D-A866-AEA2F972B91C}.Release|Any CPU.Build.0 = Release|Any CPU
	EndGlobalSection
	GlobalSection(SolutionProperties) = preSolution
		HideSolutionNode = FALSE
	EndGlobalSection
	GlobalSection(ExtensibilityGlobals) = postSolution
		SolutionGuid = {D6A16B56-4F12-4B18-BE6C-7567BE9CDFB7}
	EndGlobalSection
EndGlobal
